
Microsoft Visual Studio Solution File, Format Version 12.00
# Visual Studio Version 17
VisualStudioVersion = 17.3.32825.248
MinimumVisualStudioVersion = 10.0.40219.1
Project("{FAE04EC0-301F-11D3-BF4B-00C04F79EFBC}") = "CuoiKi", "CuoiKi\CuoiKi.csproj", "{F10860DF-AEEF-448D-97B9-977EA051A9D6}"
EndProject
Project("{54435603-DBB4-11D2-8724-00A0C9A8B90C}") = "Release", "Release\Release.vdproj", "{77D2DF27-3347-4628-B496-F7905326E0C0}"
EndProject
Project("{54435603-DBB4-11D2-8724-00A0C9A8B90C}") = "SetupLTDT", "setup\SetupLTDT\SetupLTDT.vdproj", "{DD807A24-373D-4A58-B59C-DC36400BA2AA}"
EndProject
Global
	GlobalSection(SolutionConfigurationPlatforms) = preSolution
		Debug|Any CPU = Debug|Any CPU
		Release|Any CPU = Release|Any CPU
	EndGlobalSection
	GlobalSection(ProjectConfigurationPlatforms) = postSolution
		{F10860DF-AEEF-448D-97B9-977EA051A9D6}.Debug|Any CPU.ActiveCfg = Debug|Any CPU
		{F10860DF-AEEF-448D-97B9-977EA051A9D6}.Debug|Any CPU.Build.0 = Debug|Any CPU
		{F10860DF-AEEF-448D-97B9-977EA051A9D6}.Release|Any CPU.ActiveCfg = Release|Any CPU
		{F10860DF-AEEF-448D-97B9-977EA051A9D6}.Release|Any CPU.Build.0 = Release|Any CPU
		{77D2DF27-3347-4628-B496-F7905326E0C0}.Debug|Any CPU.ActiveCfg = Debug
		{77D2DF27-3347-4628-B496-F7905326E0C0}.Release|Any CPU.ActiveCfg = Release
		{DD807A24-373D-4A58-B59C-DC36400BA2AA}.Debug|Any CPU.ActiveCfg = Debug
		{DD807A24-373D-4A58-B59C-DC36400BA2AA}.Release|Any CPU.ActiveCfg = Release
	EndGlobalSection
	GlobalSection(SolutionProperties) = preSolution
		HideSolutionNode = FALSE
	EndGlobalSection
	GlobalSection(ExtensibilityGlobals) = postSolution
		SolutionGuid = {E7FEF848-A3F9-4D71-BFE6-1DD049B0C44C}
	EndGlobalSection
EndGlobal
